{
  "name": "kanji-reading",
  "version": "1.0.0",
  "lockfileVersion": 1,
  "requires": true,
  "dependencies": {
    "base62": {
      "version": "1.2.7",
      "resolved": "https://registry.npmjs.org/base62/-/base62-1.2.7.tgz",
      "integrity": "sha512-ck0nDbXLEq2nD5jIcEzdpk07sYQ5P6z4NMTIgeQCFr5CCRZzmgUPlOes4o0k5pvEUQJnKO/D079ybzjpjIKf2Q=="
    },
    "lang.js": {
      "version": "1.1.12",
      "resolved": "https://registry.npmjs.org/lang.js/-/lang.js-1.1.12.tgz",
      "integrity": "sha512-LJq470yX8NXL22ZJMsDvpcdCn5KTFTAuqLMpEksSuutmP4kOGBdDGwFUAtSGLWe6oyEFeBEpub0DBAfTdC3Xag=="
    }
  }
}
